// !$*UTF8*$!
{
	archiveVersion = 1;
	classes = {
	};
	objectVersion = 56;
	objects = {

/* Begin PBXBuildFile section */
		B836914D2920F07800362AB5 /* Alamofire in Frameworks */ = {isa = PBXBuildFile; productRef = B836914C2920F07800362AB5 /* Alamofire */; };
		B8F9D6EE291B11DA001B4AB2 /* AppDelegate.swift in Sources */ = {isa = PBXBuildFile; fileRef = B8F9D6ED291B11DA001B4AB2 /* AppDelegate.swift */; };
		B8F9D6F0291B11DA001B4AB2 /* SceneDelegate.swift in Sources */ = {isa = PBXBuildFile; fileRef = B8F9D6EF291B11DA001B4AB2 /* SceneDelegate.swift */; };
		B8F9D6F2291B11DA001B4AB2 /* ViewController.swift in Sources */ = {isa = PBXBuildFile; fileRef = B8F9D6F1291B11DA001B4AB2 /* ViewController.swift */; };
		B8F9D6F5291B11DA001B4AB2 /* Main.storyboard in Resources */ = {isa = PBXBuildFile; fileRef = B8F9D6F3291B11DA001B4AB2 /* Main.storyboard */; };
		B8F9D6F7291B11DB001B4AB2 /* Assets.xcassets in Resources */ = {isa = PBXBuildFile; fileRef = B8F9D6F6291B11DB001B4AB2 /* Assets.xcassets */; };
		B8F9D6FA291B11DB001B4AB2 /* LaunchScreen.storyboard in Resources */ = {isa = PBXBuildFile; fileRef = B8F9D6F8291B11DB001B4AB2 /* LaunchScreen.storyboard */; };
		B8F9D706291B1937001B4AB2 /* Cocktail.swift in Sources */ = {isa = PBXBuildFile; fileRef = B8F9D705291B1937001B4AB2 /* Cocktail.swift */; };
		B8F9D709291BE265001B4AB2 /* NetworkManager.swift in Sources */ = {isa = PBXBuildFile; fileRef = B8F9D708291BE265001B4AB2 /* NetworkManager.swift */; };
/* End PBXBuildFile section */

/* Begin PBXFileReference section */
		B8F9D6EA291B11DA001B4AB2 /* CocktailApiApp.app */ = {isa = PBXFileReference; explicitFileType = wrapper.application; includeInIndex = 0; path = CocktailApiApp.app; sourceTree = BUILT_PRODUCTS_DIR; };
		B8F9D6ED291B11DA001B4AB2 /* AppDelegate.swift */ = {isa = PBXFileReference; lastKnownFileType = sourcecode.swift; path = AppDelegate.swift; sourceTree = "<group>"; };
		B8F9D6EF291B11DA001B4AB2 /* SceneDelegate.swift */ = {isa = PBXFileReference; lastKnownFileType = sourcecode.swift; path = SceneDelegate.swift; sourceTree = "<group>"; };
		B8F9D6F1291B11DA001B4AB2 /* ViewController.swift */ = {isa = PBXFileReference; lastKnownFileType = sourcecode.swift; path = ViewController.swift; sourceTree = "<group>"; };
		B8F9D6F4291B11DA001B4AB2 /* Base */ = {isa = PBXFileReference; lastKnownFileType = file.storyboard; name = Base; path = Base.lproj/Main.storyboard; sourceTree = "<group>"; };
		B8F9D6F6291B11DB001B4AB2 /* Assets.xcassets */ = {isa = PBXFileReference; lastKnownFileType = folder.assetcatalog; path = Assets.xcassets; sourceTree = "<group>"; };
		B8F9D6F9291B11DB001B4AB2 /* Base */ = {isa = PBXFileReference; lastKnownFileType = file.storyboard; name = Base; path = Base.lproj/LaunchScreen.storyboard; sourceTree = "<group>"; };
		B8F9D6FB291B11DB001B4AB2 /* Info.plist */ = {isa = PBXFileReference; lastKnownFileType = text.plist.xml; path = Info.plist; sourceTree = "<group>"; };
		B8F9D705291B1937001B4AB2 /* Cocktail.swift */ = {isa = PBXFileReference; lastKnownFileType = sourcecode.swift; path = Cocktail.swift; sourceTree = "<group>"; };
		B8F9D708291BE265001B4AB2 /* NetworkManager.swift */ = {isa = PBXFileReference; lastKnownFileType = sourcecode.swift; path = NetworkManager.swift; sourceTree = "<group>"; };
/* End PBXFileReference section */

/* Begin PBXFrameworksBuildPhase section */
		B8F9D6E7291B11DA001B4AB2 /* Frameworks */ = {
			isa = PBXFrameworksBuildPhase;
			buildActionMask = 2147483647;
			files = (
				B836914D2920F07800362AB5 /* Alamofire in Frameworks */,
			);
			runOnlyForDeploymentPostprocessing = 0;
		};
/* End PBXFrameworksBuildPhase section */

/* Begin PBXGroup section */
		B8F9D6E1291B11DA001B4AB2 = {
			isa = PBXGroup;
			children = (
				B8F9D6EC291B11DA001B4AB2 /* CocktailApiApp */,
				B8F9D6EB291B11DA001B4AB2 /* Products */,
			);
			sourceTree = "<group>";
		};
		B8F9D6EB291B11DA001B4AB2 /* Products */ = {
			isa = PBXGroup;
			children = (
				B8F9D6EA291B11DA001B4AB2 /* CocktailApiApp.app */,
			);
			name = Products;
			sourceTree = "<group>";
		};
		B8F9D6EC291B11DA001B4AB2 /* CocktailApiApp */ = {
			isa = PBXGroup;
			children = (
				B8F9D707291BE248001B4AB2 /* Services */,
				B8F9D704291B1924001B4AB2 /* Models */,
				B8F9D701291B155A001B4AB2 /* App */,
				B8F9D702291B1566001B4AB2 /* ViewControllers */,
				B8F9D703291B1572001B4AB2 /* Storyboards */,
				B8F9D6FB291B11DB001B4AB2 /* Info.plist */,
				B8F9D6F6291B11DB001B4AB2 /* Assets.xcassets */,
			);
			path = CocktailApiApp;
			sourceTree = "<group>";
		};
		B8F9D701291B155A001B4AB2 /* App */ = {
			isa = PBXGroup;
			children = (
				B8F9D6ED291B11DA001B4AB2 /* AppDelegate.swift */,
				B8F9D6EF291B11DA001B4AB2 /* SceneDelegate.swift */,
			);
			path = App;
			sourceTree = "<group>";
		};
		B8F9D702291B1566001B4AB2 /* ViewControllers */ = {
			isa = PBXGroup;
			children = (
				B8F9D6F1291B11DA001B4AB2 /* ViewController.swift */,
			);
			path = ViewControllers;
			sourceTree = "<group>";
		};
		B8F9D703291B1572001B4AB2 /* Storyboards */ = {
			isa = PBXGroup;
			children = (
				B8F9D6F3291B11DA001B4AB2 /* Main.storyboard */,
				B8F9D6F8291B11DB001B4AB2 /* LaunchScreen.storyboard */,
			);
			path = Storyboards;
			sourceTree = "<group>";
		};
		B8F9D704291B1924001B4AB2 /* Models */ = {
			isa = PBXGroup;
			children = (
				B8F9D705291B1937001B4AB2 /* Cocktail.swift */,
			);
			path = Models;
			sourceTree = "<group>";
		};
		B8F9D707291BE248001B4AB2 /* Services */ = {
			isa = PBXGroup;
			children = (
				B8F9D708291BE265001B4AB2 /* NetworkManager.swift */,
			);
			path = Services;
			sourceTree = "<group>";
		};
/* End PBXGroup section */

/* Begin PBXNativeTarget section */
		B8F9D6E9291B11DA001B4AB2 /* CocktailApiApp */ = {
			isa = PBXNativeTarget;
			buildConfigurationList = B8F9D6FE291B11DB001B4AB2 /* Build configuration list for PBXNativeTarget "CocktailApiApp" */;
			buildPhases = (
				B8F9D6E6291B11DA001B4AB2 /* Sources */,
				B8F9D6E7291B11DA001B4AB2 /* Frameworks */,
				B8F9D6E8291B11DA001B4AB2 /* Resources */,
			);
			buildRules = (
			);
			dependencies = (
			);
			name = CocktailApiApp;
			packageProductDependencies = (
				B836914C2920F07800362AB5 /* Alamofire */,
			);
			productName = CocktailApiApp;
			productReference = B8F9D6EA291B11DA001B4AB2 /* CocktailApiApp.app */;
			productType = "com.apple.product-type.application";
		};
/* End PBXNativeTarget section */

/* Begin PBXProject section */
		B8F9D6E2291B11DA001B4AB2 /* Project object */ = {
			isa = PBXProject;
			attributes = {
				BuildIndependentTargetsInParallel = 1;
				LastSwiftUpdateCheck = 1410;
				LastUpgradeCheck = 1410;
				TargetAttributes = {
					B8F9D6E9291B11DA001B4AB2 = {
						CreatedOnToolsVersion = 14.1;
					};
				};
			};
			buildConfigurationList = B8F9D6E5291B11DA001B4AB2 /* Build configuration list for PBXProject "CocktailApiApp" */;
			compatibilityVersion = "Xcode 14.0";
			developmentRegion = en;
			hasScannedForEncodings = 0;
			knownRegions = (
				en,
				Base,
			);
			mainGroup = B8F9D6E1291B11DA001B4AB2;
			packageReferences = (
				B836914B2920F07800362AB5 /* XCRemoteSwiftPackageReference "Alamofire" */,
			);
			productRefGroup = B8F9D6EB291B11DA001B4AB2 /* Products */;
			projectDirPath = "";
			projectRoot = "";
			targets = (
				B8F9D6E9291B11DA001B4AB2 /* CocktailApiApp */,
			);
		};
/* End PBXProject section */

/* Begin PBXResourcesBuildPhase section */
		B8F9D6E8291B11DA001B4AB2 /* Resources */ = {
			isa = PBXResourcesBuildPhase;
			buildActionMask = 2147483647;
			files = (
				B8F9D6FA291B11DB001B4AB2 /* LaunchScreen.storyboard in Resources */,
				B8F9D6F7291B11DB001B4AB2 /* Assets.xcassets in Resources */,
				B8F9D6F5291B11DA001B4AB2 /* Main.storyboard in Resources */,
			);
			runOnlyForDeploymentPostprocessing = 0;
		};
/* End PBXResourcesBuildPhase section */

/* Begin PBXSourcesBuildPhase section */
		B8F9D6E6291B11DA001B4AB2 /* Sources */ = {
			isa = PBXSourcesBuildPhase;
			buildActionMask = 2147483647;
			files = (
				B8F9D6F2291B11DA001B4AB2 /* ViewController.swift in Sources */,
				B8F9D6EE291B11DA001B4AB2 /* AppDelegate.swift in Sources */,
				B8F9D709291BE265001B4AB2 /* NetworkManager.swift in Sources */,
				B8F9D6F0291B11DA001B4AB2 /* SceneDelegate.swift in Sources */,
				B8F9D706291B1937001B4AB2 /* Cocktail.swift in Sources */,
			);
			runOnlyForDeploymentPostprocessing = 0;
		};
/* End PBXSourcesBuildPhase section */

/* Begin PBXVariantGroup section */
		B8F9D6F3291B11DA001B4AB2 /* Main.storyboard */ = {
			isa = PBXVariantGroup;
			children = (
				B8F9D6F4291B11DA001B4AB2 /* Base */,
			);
			name = Main.storyboard;
			sourceTree = "<group>";
		};
		B8F9D6F8291B11DB001B4AB2 /* LaunchScreen.storyboard */ = {
			isa = PBXVariantGroup;
			children = (
				B8F9D6F9291B11DB001B4AB2 /* Base */,
			);
			name = LaunchScreen.storyboard;
			sourceTree = "<group>";
		};
/* End PBXVariantGroup section */

/* Begin XCBuildConfiguration section */
		B8F9D6FC291B11DB001B4AB2 /* Debug */ = {
			isa = XCBuildConfiguration;
			buildSettings = {
				ALWAYS_SEARCH_USER_PATHS = NO;
				CLANG_ANALYZER_NONNULL = YES;
				CLANG_ANALYZER_NUMBER_OBJECT_CONVERSION = YES_AGGRESSIVE;
				CLANG_CXX_LANGUAGE_STANDARD = "gnu++20";
				CLANG_ENABLE_MODULES = YES;
				CLANG_ENABLE_OBJC_ARC = YES;
				CLANG_ENABLE_OBJC_WEAK = YES;
				CLANG_WARN_BLOCK_CAPTURE_AUTORELEASING = YES;
				CLANG_WARN_BOOL_CONVERSION = YES;
				CLANG_WARN_COMMA = YES;
				CLANG_WARN_CONSTANT_CONVERSION = YES;
				CLANG_WARN_DEPRECATED_OBJC_IMPLEMENTATIONS = YES;
				CLANG_WARN_DIRECT_OBJC_ISA_USAGE = YES_ERROR;
				CLANG_WARN_DOCUMENTATION_COMMENTS = YES;
				CLANG_WARN_EMPTY_BODY = YES;
				CLANG_WARN_ENUM_CONVERSION = YES;
				CLANG_WARN_INFINITE_RECURSION = YES;
				CLANG_WARN_INT_CONVERSION = YES;
				CLANG_WARN_NON_LITERAL_NULL_CONVERSION = YES;
				CLANG_WARN_OBJC_IMPLICIT_RETAIN_SELF = YES;
				CLANG_WARN_OBJC_LITERAL_CONVERSION = YES;
				CLANG_WARN_OBJC_ROOT_CLASS = YES_ERROR;
				CLANG_WARN_QUOTED_INCLUDE_IN_FRAMEWORK_HEADER = YES;
				CLANG_WARN_RANGE_LOOP_ANALYSIS = YES;
				CLANG_WARN_STRICT_PROTOTYPES = YES;
				CLANG_WARN_SUSPICIOUS_MOVE = YES;
				CLANG_WARN_UNGUARDED_AVAILABILITY = YES_AGGRESSIVE;
				CLANG_WARN_UNREACHABLE_CODE = YES;
				CLANG_WARN__DUPLICATE_METHOD_MATCH = YES;
				COPY_PHASE_STRIP = NO;
				DEBUG_INFORMATION_FORMAT = dwarf;
				ENABLE_STRICT_OBJC_MSGSEND = YES;
				ENABLE_TESTABILITY = YES;
				GCC_C_LANGUAGE_STANDARD = gnu11;
				GCC_DYNAMIC_NO_PIC = NO;
				GCC_NO_COMMON_BLOCKS = YES;
				GCC_OPTIMIZATION_LEVEL = 0;
				GCC_PREPROCESSOR_DEFINITIONS = (
					"DEBUG=1",
					"$(inherited)",
				);
				GCC_WARN_64_TO_32_BIT_CONVERSION = YES;
				GCC_WARN_ABOUT_RETURN_TYPE = YES_ERROR;
				GCC_WARN_UNDECLARED_SELECTOR = YES;
				GCC_WARN_UNINITIALIZED_AUTOS = YES_AGGRESSIVE;
				GCC_WARN_UNUSED_FUNCTION = YES;
				GCC_WARN_UNUSED_VARIABLE = YES;
				IPHONEOS_DEPLOYMENT_TARGET = 16.1;
				MTL_ENABLE_DEBUG_INFO = INCLUDE_SOURCE;
				MTL_FAST_MATH = YES;
				ONLY_ACTIVE_ARCH = YES;
				SDKROOT = iphoneos;
				SWIFT_ACTIVE_COMPILATION_CONDITIONS = DEBUG;
				SWIFT_OPTIMIZATION_LEVEL = "-Onone";
			};
			name = Debug;
		};
		B8F9D6FD291B11DB001B4AB2 /* Release */ = {
			isa = XCBuildConfiguration;
			buildSettings = {
				ALWAYS_SEARCH_USER_PATHS = NO;
				CLANG_ANALYZER_NONNULL = YES;
				CLANG_ANALYZER_NUMBER_OBJECT_CONVERSION = YES_AGGRESSIVE;
				CLANG_CXX_LANGUAGE_STANDARD = "gnu++20";
				CLANG_ENABLE_MODULES = YES;
				CLANG_ENABLE_OBJC_ARC = YES;
				CLANG_ENABLE_OBJC_WEAK = YES;
				CLANG_WARN_BLOCK_CAPTURE_AUTORELEASING = YES;
				CLANG_WARN_BOOL_CONVERSION = YES;
				CLANG_WARN_COMMA = YES;
				CLANG_WARN_CONSTANT_CONVERSION = YES;
				CLANG_WARN_DEPRECATED_OBJC_IMPLEMENTATIONS = YES;
				CLANG_WARN_DIRECT_OBJC_ISA_USAGE = YES_ERROR;
				CLANG_WARN_DOCUMENTATION_COMMENTS = YES;
				CLANG_WARN_EMPTY_BODY = YES;
				CLANG_WARN_ENUM_CONVERSION = YES;
				CLANG_WARN_INFINITE_RECURSION = YES;
				CLANG_WARN_INT_CONVERSION = YES;
				CLANG_WARN_NON_LITERAL_NULL_CONVERSION = YES;
				CLANG_WARN_OBJC_IMPLICIT_RETAIN_SELF = YES;
				CLANG_WARN_OBJC_LITERAL_CONVERSION = YES;
				CLANG_WARN_OBJC_ROOT_CLASS = YES_ERROR;
				CLANG_WARN_QUOTED_INCLUDE_IN_FRAMEWORK_HEADER = YES;
				CLANG_WARN_RANGE_LOOP_ANALYSIS = YES;
				CLANG_WARN_STRICT_PROTOTYPES = YES;
				CLANG_WARN_SUSPICIOUS_MOVE = YES;
				CLANG_WARN_UNGUARDED_AVAILABILITY = YES_AGGRESSIVE;
				CLANG_WARN_UNREACHABLE_CODE = YES;
				CLANG_WARN__DUPLICATE_METHOD_MATCH = YES;
				COPY_PHASE_STRIP = NO;
				DEBUG_INFORMATION_FORMAT = "dwarf-with-dsym";
				ENABLE_NS_ASSERTIONS = NO;
				ENABLE_STRICT_OBJC_MSGSEND = YES;
				GCC_C_LANGUAGE_STANDARD = gnu11;
				GCC_NO_COMMON_BLOCKS = YES;
				GCC_WARN_64_TO_32_BIT_CONVERSION = YES;
				GCC_WARN_ABOUT_RETURN_TYPE = YES_ERROR;
				GCC_WARN_UNDECLARED_SELECTOR = YES;
				GCC_WARN_UNINITIALIZED_AUTOS = YES_AGGRESSIVE;
				GCC_WARN_UNUSED_FUNCTION = YES;
				GCC_WARN_UNUSED_VARIABLE = YES;
				IPHONEOS_DEPLOYMENT_TARGET = 16.1;
				MTL_ENABLE_DEBUG_INFO = NO;
				MTL_FAST_MATH = YES;
				SDKROOT = iphoneos;
				SWIFT_COMPILATION_MODE = wholemodule;
				SWIFT_OPTIMIZATION_LEVEL = "-O";
				VALIDATE_PRODUCT = YES;
			};
			name = Release;
		};
		B8F9D6FF291B11DB001B4AB2 /* Debug */ = {
			isa = XCBuildConfiguration;
			buildSettings = {
				ASSETCATALOG_COMPILER_APPICON_NAME = AppIcon;
				ASSETCATALOG_COMPILER_GLOBAL_ACCENT_COLOR_NAME = AccentColor;
				CODE_SIGN_STYLE = Automatic;
				CURRENT_PROJECT_VERSION = 1;
				DEVELOPMENT_TEAM = S3FDYF8UUF;
				GENERATE_INFOPLIST_FILE = YES;
				INFOPLIST_FILE = CocktailApiApp/Info.plist;
				INFOPLIST_KEY_UIApplicationSupportsIndirectInputEvents = YES;
				INFOPLIST_KEY_UILaunchStoryboardName = LaunchScreen;
				INFOPLIST_KEY_UIMainStoryboardFile = Main;
				INFOPLIST_KEY_UISupportedInterfaceOrientations_iPad = "UIInterfaceOrientationPortrait UIInterfaceOrientationPortraitUpsideDown UIInterfaceOrientationLandscapeLeft UIInterfaceOrientationLandscapeRight";
				INFOPLIST_KEY_UISupportedInterfaceOrientations_iPhone = "UIInterfaceOrientationPortrait UIInterfaceOrientationLandscapeLeft UIInterfaceOrientationLandscapeRight";
				IPHONEOS_DEPLOYMENT_TARGET = 15.5;
				LD_RUNPATH_SEARCH_PATHS = (
					"$(inherited)",
					"@executable_path/Frameworks",
				);
				MARKETING_VERSION = 1.0;
				PRODUCT_BUNDLE_IDENTIFIER = "nu-shtosh.CocktailApiApp";
				PRODUCT_NAME = "$(TARGET_NAME)";
				SUPPORTED_PLATFORMS = "iphoneos iphonesimulator";
				SUPPORTS_MACCATALYST = NO;
				SUPPORTS_MAC_DESIGNED_FOR_IPHONE_IPAD = NO;
				SWIFT_EMIT_LOC_STRINGS = YES;
				SWIFT_VERSION = 5.0;
				TARGETED_DEVICE_FAMILY = 1;
			};
			name = Debug;
		};
		B8F9D700291B11DB001B4AB2 /* Release */ = {
			isa = XCBuildConfiguration;
			buildSettings = {
				ASSETCATALOG_COMPILER_APPICON_NAME = AppIcon;
				ASSETCATALOG_COMPILER_GLOBAL_ACCENT_COLOR_NAME = AccentColor;
				CODE_SIGN_STYLE = Automatic;
				CURRENT_PROJECT_VERSION = 1;
				DEVELOPMENT_TEAM = S3FDYF8UUF;
				GENERATE_INFOPLIST_FILE = YES;
				INFOPLIST_FILE = CocktailApiApp/Info.plist;
				INFOPLIST_KEY_UIApplicationSupportsIndirectInputEvents = YES;
				INFOPLIST_KEY_UILaunchStoryboardName = LaunchScreen;
				INFOPLIST_KEY_UIMainStoryboardFile = Main;
				INFOPLIST_KEY_UISupportedInterfaceOrientations_iPad = "UIInterfaceOrientationPortrait UIInterfaceOrientationPortraitUpsideDown UIInterfaceOrientationLandscapeLeft UIInterfaceOrientationLandscapeRight";
				INFOPLIST_KEY_UISupportedInterfaceOrientations_iPhone = "UIInterfaceOrientationPortrait UIInterfaceOrientationLandscapeLeft UIInterfaceOrientationLandscapeRight";
				IPHONEOS_DEPLOYMENT_TARGET = 15.5;
				LD_RUNPATH_SEARCH_PATHS = (
					"$(inherited)",
					"@executable_path/Frameworks",
				);
				MARKETING_VERSION = 1.0;
				PRODUCT_BUNDLE_IDENTIFIER = "nu-shtosh.CocktailApiApp";
				PRODUCT_NAME = "$(TARGET_NAME)";
				SUPPORTED_PLATFORMS = "iphoneos iphonesimulator";
				SUPPORTS_MACCATALYST = NO;
				SUPPORTS_MAC_DESIGNED_FOR_IPHONE_IPAD = NO;
				SWIFT_EMIT_LOC_STRINGS = YES;
				SWIFT_VERSION = 5.0;
				TARGETED_DEVICE_FAMILY = 1;
			};
			name = Release;
		};
/* End XCBuildConfiguration section */

/* Begin XCConfigurationList section */
		B8F9D6E5291B11DA001B4AB2 /* Build configuration list for PBXProject "CocktailApiApp" */ = {
			isa = XCConfigurationList;
			buildConfigurations = (
				B8F9D6FC291B11DB001B4AB2 /* Debug */,
				B8F9D6FD291B11DB001B4AB2 /* Release */,
			);
			defaultConfigurationIsVisible = 0;
			defaultConfigurationName = Release;
		};
		B8F9D6FE291B11DB001B4AB2 /* Build configuration list for PBXNativeTarget "CocktailApiApp" */ = {
			isa = XCConfigurationList;
			buildConfigurations = (
				B8F9D6FF291B11DB001B4AB2 /* Debug */,
				B8F9D700291B11DB001B4AB2 /* Release */,
			);
			defaultConfigurationIsVisible = 0;
			defaultConfigurationName = Release;
		};
/* End XCConfigurationList section */

/* Begin XCRemoteSwiftPackageReference section */
		B836914B2920F07800362AB5 /* XCRemoteSwiftPackageReference "Alamofire" */ = {
			isa = XCRemoteSwiftPackageReference;
			repositoryURL = "https://github.com/Alamofire/Alamofire.git";
			requirement = {
				kind = exactVersion;
				version = 5.0.0;
			};
		};
/* End XCRemoteSwiftPackageReference section */

/* Begin XCSwiftPackageProductDependency section */
		B836914C2920F07800362AB5 /* Alamofire */ = {
			isa = XCSwiftPackageProductDependency;
			package = B836914B2920F07800362AB5 /* XCRemoteSwiftPackageReference "Alamofire" */;
			productName = Alamofire;
		};
/* End XCSwiftPackageProductDependency section */
	};
	rootObject = B8F9D6E2291B11DA001B4AB2 /* Project object */;
}
